
Microsoft Visual Studio Solution File, Format Version 12.00
# Visual Studio Version 17
VisualStudioVersion = 17.4.33205.214
MinimumVisualStudioVersion = 10.0.40219.1
Project("{9A19103F-16F7-4668-BE54-9A1E7A4F7556}") = "ClubSite", "ClubSite.csproj", "{C61C3F56-F127-4C75-BAD3-A447BE3DC214}"
EndProject
Global
	GlobalSection(SolutionConfigurationPlatforms) = preSolution
		Debug|Any CPU = Debug|Any CPU
		Release|Any CPU = Release|Any CPU
		Stage|Any CPU = Stage|Any CPU
	EndGlobalSection
	GlobalSection(ProjectConfigurationPlatforms) = postSolution
		{C61C3F56-F127-4C75-BAD3-A447BE3DC214}.Debug|Any CPU.ActiveCfg = Debug|Any CPU
		{C61C3F56-F127-4C75-BAD3-A447BE3DC214}.Debug|Any CPU.Build.0 = Debug|Any CPU
		{C61C3F56-F127-4C75-BAD3-A447BE3DC214}.Release|Any CPU.ActiveCfg = Release|Any CPU
		{C61C3F56-F127-4C75-BAD3-A447BE3DC214}.Release|Any CPU.Build.0 = Release|Any CPU
		{C61C3F56-F127-4C75-BAD3-A447BE3DC214}.Stage|Any CPU.ActiveCfg = Release|Any CPU
		{C61C3F56-F127-4C75-BAD3-A447BE3DC214}.Stage|Any CPU.Build.0 = Release|Any CPU
	EndGlobalSection
	GlobalSection(SolutionProperties) = preSolution
		HideSolutionNode = FALSE
	EndGlobalSection
	GlobalSection(ExtensibilityGlobals) = postSolution
		SolutionGuid = {932268F4-6E1F-4B70-8FEC-C2E820C71FF9}
	EndGlobalSection
EndGlobal
